
Microsoft Visual Studio Solution File, Format Version 12.00
# Visual Studio Version 17
VisualStudioVersion = 17.2.32616.157
MinimumVisualStudioVersion = 10.0.40219.1
Project("{9A19103F-16F7-4668-BE54-9A1E7A4F7556}") = "Universities", "Universities\Universities.csproj", "{BD27C775-4536-45F2-940F-F1A0BF492E5E}"
	ProjectSection(ProjectDependencies) = postProject
		{5EE50084-C8E7-971F-1971-BDF0747968BC} = {5EE50084-C8E7-971F-1971-BDF0747968BC}
		{63CAD0F1-C45D-4F7E-8FDF-51992A1458CC} = {63CAD0F1-C45D-4F7E-8FDF-51992A1458CC}
	EndProjectSection
EndProject
Project("{9A19103F-16F7-4668-BE54-9A1E7A4F7556}") = "Universities.Utils", "Universities.Utils\Universities.Utils.csproj", "{CE23DF3F-E29E-4A16-9750-CB5A10C63494}"
EndProject
Project("{9A19103F-16F7-4668-BE54-9A1E7A4F7556}") = "Universities.Views", "Universities.Views\Universities.Views.csproj", "{4E95DF12-8C6E-4A90-B67D-959D8B498597}"
	ProjectSection(ProjectDependencies) = postProject
		{5EE50084-C8E7-971F-1971-BDF0747968BC} = {5EE50084-C8E7-971F-1971-BDF0747968BC}
		{63CAD0F1-C45D-4F7E-8FDF-51992A1458CC} = {63CAD0F1-C45D-4F7E-8FDF-51992A1458CC}
	EndProjectSection
EndProject
Project("{9A19103F-16F7-4668-BE54-9A1E7A4F7556}") = "Universities.Controller", "Universities.Controller\Universities.Controller.csproj", "{47BEB2FF-1A79-4BB5-8808-A45E58989D47}"
	ProjectSection(ProjectDependencies) = postProject
		{5EE50084-C8E7-971F-1971-BDF0747968BC} = {5EE50084-C8E7-971F-1971-BDF0747968BC}
	EndProjectSection
EndProject
Project("{9A19103F-16F7-4668-BE54-9A1E7A4F7556}") = "Universities.Handlers", "Universities.Handlers\Universities.Handlers.csproj", "{63CAD0F1-C45D-4F7E-8FDF-51992A1458CC}"
EndProject
Project("{FAE04EC0-301F-11D3-BF4B-00C04F79EFBC}") = "Universities.Models", "Universities.Models\Universities.Models.csproj", "{5EE50084-C8E7-971F-1971-BDF0747968BC}"
	ProjectSection(ProjectDependencies) = postProject
		{63CAD0F1-C45D-4F7E-8FDF-51992A1458CC} = {63CAD0F1-C45D-4F7E-8FDF-51992A1458CC}
	EndProjectSection
EndProject
Global
	GlobalSection(SolutionConfigurationPlatforms) = preSolution
		Debug|Any CPU = Debug|Any CPU
		Release|Any CPU = Release|Any CPU
	EndGlobalSection
	GlobalSection(ProjectConfigurationPlatforms) = postSolution
		{BD27C775-4536-45F2-940F-F1A0BF492E5E}.Debug|Any CPU.ActiveCfg = Debug|Any CPU
		{BD27C775-4536-45F2-940F-F1A0BF492E5E}.Debug|Any CPU.Build.0 = Debug|Any CPU
		{BD27C775-4536-45F2-940F-F1A0BF492E5E}.Release|Any CPU.ActiveCfg = Release|Any CPU
		{BD27C775-4536-45F2-940F-F1A0BF492E5E}.Release|Any CPU.Build.0 = Release|Any CPU
		{CE23DF3F-E29E-4A16-9750-CB5A10C63494}.Debug|Any CPU.ActiveCfg = Debug|Any CPU
		{CE23DF3F-E29E-4A16-9750-CB5A10C63494}.Debug|Any CPU.Build.0 = Debug|Any CPU
		{CE23DF3F-E29E-4A16-9750-CB5A10C63494}.Release|Any CPU.ActiveCfg = Release|Any CPU
		{CE23DF3F-E29E-4A16-9750-CB5A10C63494}.Release|Any CPU.Build.0 = Release|Any CPU
		{4E95DF12-8C6E-4A90-B67D-959D8B498597}.Debug|Any CPU.ActiveCfg = Debug|Any CPU
		{4E95DF12-8C6E-4A90-B67D-959D8B498597}.Debug|Any CPU.Build.0 = Debug|Any CPU
		{4E95DF12-8C6E-4A90-B67D-959D8B498597}.Release|Any CPU.ActiveCfg = Release|Any CPU
		{4E95DF12-8C6E-4A90-B67D-959D8B498597}.Release|Any CPU.Build.0 = Release|Any CPU
		{47BEB2FF-1A79-4BB5-8808-A45E58989D47}.Debug|Any CPU.ActiveCfg = Debug|Any CPU
		{47BEB2FF-1A79-4BB5-8808-A45E58989D47}.Debug|Any CPU.Build.0 = Debug|Any CPU
		{47BEB2FF-1A79-4BB5-8808-A45E58989D47}.Release|Any CPU.ActiveCfg = Release|Any CPU
		{47BEB2FF-1A79-4BB5-8808-A45E58989D47}.Release|Any CPU.Build.0 = Release|Any CPU
		{63CAD0F1-C45D-4F7E-8FDF-51992A1458CC}.Debug|Any CPU.ActiveCfg = Debug|Any CPU
		{63CAD0F1-C45D-4F7E-8FDF-51992A1458CC}.Debug|Any CPU.Build.0 = Debug|Any CPU
		{63CAD0F1-C45D-4F7E-8FDF-51992A1458CC}.Release|Any CPU.ActiveCfg = Release|Any CPU
		{63CAD0F1-C45D-4F7E-8FDF-51992A1458CC}.Release|Any CPU.Build.0 = Release|Any CPU
		{5EE50084-C8E7-971F-1971-BDF0747968BC}.Debug|Any CPU.ActiveCfg = Debug|Any CPU
		{5EE50084-C8E7-971F-1971-BDF0747968BC}.Debug|Any CPU.Build.0 = Debug|Any CPU
		{5EE50084-C8E7-971F-1971-BDF0747968BC}.Release|Any CPU.ActiveCfg = Release|Any CPU
		{5EE50084-C8E7-971F-1971-BDF0747968BC}.Release|Any CPU.Build.0 = Release|Any CPU
	EndGlobalSection
	GlobalSection(SolutionProperties) = preSolution
		HideSolutionNode = FALSE
	EndGlobalSection
	GlobalSection(ExtensibilityGlobals) = postSolution
		SolutionGuid = {B7542EDF-D8C6-4CFE-B3AB-B23E7B3F7838}
	EndGlobalSection
EndGlobal
